
Microsoft Visual Studio Solution File, Format Version 12.00
# Visual Studio Version 17
VisualStudioVersion = 17.6.33829.357
MinimumVisualStudioVersion = 10.0.40219.1
Project("{FAE04EC0-301F-11D3-BF4B-00C04F79EFBC}") = "Sel_Training", "Sel_Training.csproj", "{C573C1A9-BC3E-4739-93E2-AFC33043AF54}"
EndProject
Global
	GlobalSection(SolutionConfigurationPlatforms) = preSolution
		Debug|Any CPU = Debug|Any CPU
		Release|Any CPU = Release|Any CPU
	EndGlobalSection
	GlobalSection(ProjectConfigurationPlatforms) = postSolution
		{C573C1A9-BC3E-4739-93E2-AFC33043AF54}.Debug|Any CPU.ActiveCfg = Debug|Any CPU
		{C573C1A9-BC3E-4739-93E2-AFC33043AF54}.Debug|Any CPU.Build.0 = Debug|Any CPU
		{C573C1A9-BC3E-4739-93E2-AFC33043AF54}.Release|Any CPU.ActiveCfg = Release|Any CPU
		{C573C1A9-BC3E-4739-93E2-AFC33043AF54}.Release|Any CPU.Build.0 = Release|Any CPU
	EndGlobalSection
	GlobalSection(SolutionProperties) = preSolution
		HideSolutionNode = FALSE
	EndGlobalSection
	GlobalSection(ExtensibilityGlobals) = postSolution
		SolutionGuid = {6341DDEC-1EFB-40B1-AED8-20786EA2A5B9}
	EndGlobalSection
EndGlobal
